# This file is automatically @generated by Cargo.
# It is not intended for manual editing.
version = 4

[[package]]
name = "scuffle-perf-cli"
version = "0.1.0"
dependencies = [
 "scuffle-workspace-hack",
]

[[package]]
name = "scuffle-perf-server"
version = "0.1.0"
dependencies = [
 "scuffle-workspace-hack",
]

[[package]]
name = "scuffle-workspace-hack"
version = "0.1.0"
